# THIS IS AN AUTOGENERATED FILE. DO NOT EDIT THIS FILE DIRECTLY.
# yarn lockfile v1


"@now/build-utils@2.2.2-canary.3":
  version "2.2.2-canary.3"
  resolved "https://registry.yarnpkg.com/@now/build-utils/-/build-utils-2.2.2-canary.3.tgz#2cd7cced5e677911c9e06c39eb2e18d8b45a959f"
  integrity sha512-7HshBVEUU/znlMJtwDOgwZm2V8hqsWwKc5GATLr9U+LAEW3optlFUgAuV7HkDODpDN0kZX1IyMEXOsstDsw0zw==

"@now/go@1.0.8-canary.0":
  version "1.0.8-canary.0"
  resolved "https://registry.yarnpkg.com/@now/go/-/go-1.0.8-canary.0.tgz#552fcd27114cec4e99419cae57329d4154225106"
  integrity sha512-VKwbmumFAq0tKiAFl51q7bniHfoOWyrkuvXKFnOzQx1n93U/B3jKPMWvBQbVg/jkq8ASv3liEpqNuPExpvUahw==

"@now/next@2.5.5-canary.4":
  version "2.5.5-canary.4"
  resolved "https://registry.yarnpkg.com/@now/next/-/next-2.5.5-canary.4.tgz#1b70096f32552d2ad4c8ac70e70388373f56b2b1"
  integrity sha512-PqfqRaXqWYWGRm+GwAYB3ec9UBHq2lpae4r51gNsjlJLmujASHb6YkicqxL1rGN6DLRx5vz8thaSg4T8ZZv9MQ==

"@now/node@1.5.2-canary.5":
  version "1.5.2-canary.5"
  resolved "https://registry.yarnpkg.com/@now/node/-/node-1.5.2-canary.5.tgz#32c78cf471db39c37df9eebdb41ef06d4bf5d475"
  integrity sha512-gL0Q4iBvVadAemzuJW3H/O3Q3GMXLen6ar4SgG4n8S+UR0d+NBvqA3o6BABixqUu8Jh+Zqs2JmKx1ak6Le5JHA==
  dependencies:
    "@types/node" "*"
    ts-node "8.9.1"
    typescript "3.8.3"

"@now/python@1.1.7-canary.1":
  version "1.1.7-canary.1"
  resolved "https://registry.yarnpkg.com/@now/python/-/python-1.1.7-canary.1.tgz#5a13f9b210b566c1eeb814101b8b40992bbb890b"
  integrity sha512-29aYAc9yN7CiyhLOcWH5fuGnIdqW7I0R8uJy5bo+tFgJBv9Y7Z300vncjXOCGpqOGmSaB4/d8SVqwskxnsUyeA==

"@now/ruby@1.1.1-canary.0":
  version "1.1.1-canary.0"
  resolved "https://registry.yarnpkg.com/@now/ruby/-/ruby-1.1.1-canary.0.tgz#dd2bf7da533803938d1dbaa96ff51261b0f4e7a8"
  integrity sha512-8UmvpQDz8+jsDm49noilUkweD/KAZxLN2adyQxe1MWDBPsEXNFG8Cv1seAfkQXAXegSXCCw8FC5YI+1Wpxe4tQ==

"@now/static-build@0.16.1-canary.2":
  version "0.16.1-canary.2"
  resolved "https://registry.yarnpkg.com/@now/static-build/-/static-build-0.16.1-canary.2.tgz#46d6c8e1a880bd72eaa430501ebfc5fd391b3bf1"
  integrity sha512-4WPZA5IajESzMVfhE/NqVafdKxa5Su1ronT55e4A8RjQTCMI8WZJbLIS/wHz24pQ18sYXe4Dt8/KKhKf0bHZSA==

"@types/node@*":
  version "13.13.4"
  resolved "https://registry.yarnpkg.com/@types/node/-/node-13.13.4.tgz#1581d6c16e3d4803eb079c87d4ac893ee7501c2c"
  integrity sha512-x26ur3dSXgv5AwKS0lNfbjpCakGIduWU1DU91Zz58ONRWrIKGunmZBNv4P7N+e27sJkiGDsw/3fT4AtsqQBrBA==

arg@^4.1.0:
  version "4.1.3"
  resolved "https://registry.yarnpkg.com/arg/-/arg-4.1.3.tgz#269fc7ad5b8e42cb63c896d5666017261c144089"
  integrity sha512-58S9QDqG0Xx27YwPSt9fJxivjYl432YCwfDMfZ+71RAqUrZef7LrKQZ3LHLOwCS4FLNBplP533Zx895SeOCHvA==

buffer-from@^1.0.0:
  version "1.1.1"
  resolved "https://registry.yarnpkg.com/buffer-from/-/buffer-from-1.1.1.tgz#32713bc028f75c02fdb710d7c7bcec1f2c6070ef"
  integrity sha512-MQcXEUbCKtEo7bhqEs6560Hyd4XaovZlO/k9V3hjVUF/zwW7KBVdSK4gIt/bzwS9MbR5qob+F5jusZsb0YQK2A==

diff@^4.0.1:
  version "4.0.2"
  resolved "https://registry.yarnpkg.com/diff/-/diff-4.0.2.tgz#60f3aecb89d5fae520c11aa19efc2bb982aade7d"
  integrity sha512-58lmxKSA4BNyLz+HHMUzlOEpg09FV+ev6ZMe3vJihgdxzgcwZ8VoEEPmALCZG9LmqfVoNMMKpttIYTVG6uDY7A==

make-error@^1.1.1:
  version "1.3.6"
  resolved "https://registry.yarnpkg.com/make-error/-/make-error-1.3.6.tgz#2eb2e37ea9b67c4891f684a1394799af484cf7a2"
  integrity sha512-s8UhlNe7vPKomQhC1qFelMokr/Sc3AgNbso3n74mVPA5LTZwkB9NlXf4XPamLxJE8h0gh73rM94xvwRT2CVInw==

now@^18.0.1-canary.14:
  version "18.0.1-canary.14"
  resolved "https://registry.yarnpkg.com/now/-/now-18.0.1-canary.14.tgz#19a0116a32b502624a5a0e616f26e34b2b46b86f"
  integrity sha512-aRg5J1ivisLq0o5XCEVKQ8vNXLRyl6QqogvhApdrRHHyxV8StwWnnraM1W63LRqExZ3kaYpQLM5iJUBiWiFqFA==
  dependencies:
    "@now/build-utils" "2.2.2-canary.3"
    "@now/go" "1.0.8-canary.0"
    "@now/next" "2.5.5-canary.4"
    "@now/node" "1.5.2-canary.5"
    "@now/python" "1.1.7-canary.1"
    "@now/ruby" "1.1.1-canary.0"
    "@now/static-build" "0.16.1-canary.2"

source-map-support@^0.5.17:
  version "0.5.19"
  resolved "https://registry.yarnpkg.com/source-map-support/-/source-map-support-0.5.19.tgz#a98b62f86dcaf4f67399648c085291ab9e8fed61"
  integrity sha512-Wonm7zOCIJzBGQdB+thsPar0kYuCIzYvxZwlBa87yi/Mdjv7Tip2cyVbLj5o0cFPN4EVkuTwb3GDDyUx2DGnGw==
  dependencies:
    buffer-from "^1.0.0"
    source-map "^0.6.0"

source-map@^0.6.0:
  version "0.6.1"
  resolved "https://registry.yarnpkg.com/source-map/-/source-map-0.6.1.tgz#74722af32e9614e9c287a8d0bbde48b5e2f1a263"
  integrity sha512-UjgapumWlbMhkBgzT7Ykc5YXUT46F0iKu8SGXq0bcwP5dz/h0Plj6enJqjz1Zbq2l5WaqYnrVbwWOWMyF3F47g==

ts-node@8.9.1:
  version "8.9.1"
  resolved "https://registry.yarnpkg.com/ts-node/-/ts-node-8.9.1.tgz#2f857f46c47e91dcd28a14e052482eb14cfd65a5"
  integrity sha512-yrq6ODsxEFTLz0R3BX2myf0WBCSQh9A+py8PBo1dCzWIOcvisbyH6akNKqDHMgXePF2kir5mm5JXJTH3OUJYOQ==
  dependencies:
    arg "^4.1.0"
    diff "^4.0.1"
    make-error "^1.1.1"
    source-map-support "^0.5.17"
    yn "3.1.1"

typescript@3.8.3:
  version "3.8.3"
  resolved "https://registry.yarnpkg.com/typescript/-/typescript-3.8.3.tgz#409eb8544ea0335711205869ec458ab109ee1061"
  integrity sha512-MYlEfn5VrLNsgudQTVJeNaQFUAI7DkhnOjdpAp4T+ku1TfQClewlbSuTVHiA+8skNBgaf02TL/kLOvig4y3G8w==

yn@3.1.1:
  version "3.1.1"
  resolved "https://registry.yarnpkg.com/yn/-/yn-3.1.1.tgz#1e87401a09d767c1d5eab26a6e4c185182d2eb50"
  integrity sha512-Ux4ygGWsu2c7isFWe8Yu1YluJmqVhxqK2cLXNQA5AcC3QfbGNpM7fu0Y8b/z16pXLnFxZYvWhd3fhBY9DLmC6Q==
